
Microsoft Visual Studio Solution File, Format Version 12.00
# Visual Studio Version 17
VisualStudioVersion = 17.0.32014.148
MinimumVisualStudioVersion = 10.0.40219.1
Project("{8BC9CEB8-8B4A-11D0-8D11-00A0C91BC942}") = "giới thiệu về cấu trúc điều kiển trong c++", "giới thiệu về cấu trúc điều kiển trong c++\giới thiệu về cấu trúc điều kiển trong c++.vcxproj", "{09C9B6A8-2BA9-4355-B58A-F32109057404}"
EndProject
Global
	GlobalSection(SolutionConfigurationPlatforms) = preSolution
		Debug|x64 = Debug|x64
		Debug|x86 = Debug|x86
		Release|x64 = Release|x64
		Release|x86 = Release|x86
	EndGlobalSection
	GlobalSection(ProjectConfigurationPlatforms) = postSolution
		{09C9B6A8-2BA9-4355-B58A-F32109057404}.Debug|x64.ActiveCfg = Debug|x64
		{09C9B6A8-2BA9-4355-B58A-F32109057404}.Debug|x64.Build.0 = Debug|x64
		{09C9B6A8-2BA9-4355-B58A-F32109057404}.Debug|x86.ActiveCfg = Debug|Win32
		{09C9B6A8-2BA9-4355-B58A-F32109057404}.Debug|x86.Build.0 = Debug|Win32
		{09C9B6A8-2BA9-4355-B58A-F32109057404}.Release|x64.ActiveCfg = Release|x64
		{09C9B6A8-2BA9-4355-B58A-F32109057404}.Release|x64.Build.0 = Release|x64
		{09C9B6A8-2BA9-4355-B58A-F32109057404}.Release|x86.ActiveCfg = Release|Win32
		{09C9B6A8-2BA9-4355-B58A-F32109057404}.Release|x86.Build.0 = Release|Win32
	EndGlobalSection
	GlobalSection(SolutionProperties) = preSolution
		HideSolutionNode = FALSE
	EndGlobalSection
	GlobalSection(ExtensibilityGlobals) = postSolution
		SolutionGuid = {DB2BC6DB-3632-428C-9FE4-F1B3053DAE97}
	EndGlobalSection
EndGlobal
