
Microsoft Visual Studio Solution File, Format Version 12.00
# Visual Studio Version 17
VisualStudioVersion = 17.0.32014.148
MinimumVisualStudioVersion = 10.0.40219.1
Project("{8BC9CEB8-8B4A-11D0-8D11-00A0C91BC942}") = "Project2", "Project2\Project2.vcxproj", "{7AFABCCD-F195-42CF-9551-F22B4094A92F}"
EndProject
Global
	GlobalSection(SolutionConfigurationPlatforms) = preSolution
		Debug|x64 = Debug|x64
		Debug|x86 = Debug|x86
		Release|x64 = Release|x64
		Release|x86 = Release|x86
	EndGlobalSection
	GlobalSection(ProjectConfigurationPlatforms) = postSolution
		{7AFABCCD-F195-42CF-9551-F22B4094A92F}.Debug|x64.ActiveCfg = Debug|x64
		{7AFABCCD-F195-42CF-9551-F22B4094A92F}.Debug|x64.Build.0 = Debug|x64
		{7AFABCCD-F195-42CF-9551-F22B4094A92F}.Debug|x86.ActiveCfg = Debug|Win32
		{7AFABCCD-F195-42CF-9551-F22B4094A92F}.Debug|x86.Build.0 = Debug|Win32
		{7AFABCCD-F195-42CF-9551-F22B4094A92F}.Release|x64.ActiveCfg = Release|x64
		{7AFABCCD-F195-42CF-9551-F22B4094A92F}.Release|x64.Build.0 = Release|x64
		{7AFABCCD-F195-42CF-9551-F22B4094A92F}.Release|x86.ActiveCfg = Release|Win32
		{7AFABCCD-F195-42CF-9551-F22B4094A92F}.Release|x86.Build.0 = Release|Win32
	EndGlobalSection
	GlobalSection(SolutionProperties) = preSolution
		HideSolutionNode = FALSE
	EndGlobalSection
	GlobalSection(ExtensibilityGlobals) = postSolution
		SolutionGuid = {1332C4AB-BCE0-4019-927F-F36EC558AC71}
	EndGlobalSection
EndGlobal
