
Microsoft Visual Studio Solution File, Format Version 12.00
# Visual Studio Version 17
VisualStudioVersion = 17.0.32014.148
MinimumVisualStudioVersion = 10.0.40219.1
Project("{8BC9CEB8-8B4A-11D0-8D11-00A0C91BC942}") = "Toán tử quan hệ , logic, bitwise , misc", "Toán tử quan hệ , logic, bitwise , misc\Toán tử quan hệ , logic, bitwise , misc.vcxproj", "{34F115D4-E5DC-4F3B-8EF0-2F0ADCFB5B46}"
EndProject
Global
	GlobalSection(SolutionConfigurationPlatforms) = preSolution
		Debug|x64 = Debug|x64
		Debug|x86 = Debug|x86
		Release|x64 = Release|x64
		Release|x86 = Release|x86
	EndGlobalSection
	GlobalSection(ProjectConfigurationPlatforms) = postSolution
		{34F115D4-E5DC-4F3B-8EF0-2F0ADCFB5B46}.Debug|x64.ActiveCfg = Debug|x64
		{34F115D4-E5DC-4F3B-8EF0-2F0ADCFB5B46}.Debug|x64.Build.0 = Debug|x64
		{34F115D4-E5DC-4F3B-8EF0-2F0ADCFB5B46}.Debug|x86.ActiveCfg = Debug|Win32
		{34F115D4-E5DC-4F3B-8EF0-2F0ADCFB5B46}.Debug|x86.Build.0 = Debug|Win32
		{34F115D4-E5DC-4F3B-8EF0-2F0ADCFB5B46}.Release|x64.ActiveCfg = Release|x64
		{34F115D4-E5DC-4F3B-8EF0-2F0ADCFB5B46}.Release|x64.Build.0 = Release|x64
		{34F115D4-E5DC-4F3B-8EF0-2F0ADCFB5B46}.Release|x86.ActiveCfg = Release|Win32
		{34F115D4-E5DC-4F3B-8EF0-2F0ADCFB5B46}.Release|x86.Build.0 = Release|Win32
	EndGlobalSection
	GlobalSection(SolutionProperties) = preSolution
		HideSolutionNode = FALSE
	EndGlobalSection
	GlobalSection(ExtensibilityGlobals) = postSolution
		SolutionGuid = {A80FA0E9-DAD1-429E-8FB8-A2CFD5879176}
	EndGlobalSection
EndGlobal
